// !$*UTF8*$!
{
	archiveVersion = 1;
	classes = {
	};
	objectVersion = 50;
	objects = {

/* Begin PBXBuildFile section */
		B542EA6625463F90004BFEC0 /* GolfAITHApp.swift in Sources */ = {isa = PBXBuildFile; fileRef = B542EA6525463F90004BFEC0 /* GolfAITHApp.swift */; };
		B542EA6825463F90004BFEC0 /* ContentView.swift in Sources */ = {isa = PBXBuildFile; fileRef = B542EA6725463F90004BFEC0 /* ContentView.swift */; };
		B542EA6A25463F91004BFEC0 /* Assets.xcassets in Resources */ = {isa = PBXBuildFile; fileRef = B542EA6925463F91004BFEC0 /* Assets.xcassets */; };
		B542EA6D25463F91004BFEC0 /* Preview Assets.xcassets in Resources */ = {isa = PBXBuildFile; fileRef = B542EA6C25463F91004BFEC0 /* Preview Assets.xcassets */; };
		B542EA7625463FE3004BFEC0 /* DrillData.swift in Sources */ = {isa = PBXBuildFile; fileRef = B542EA7525463FE3004BFEC0 /* DrillData.swift */; };
		B542EA7A25464007004BFEC0 /* data.json in Resources */ = {isa = PBXBuildFile; fileRef = B542EA7925464007004BFEC0 /* data.json */; };
		B542EA7E2546405C004BFEC0 /* DrillListItemView.swift in Sources */ = {isa = PBXBuildFile; fileRef = B542EA7D2546405C004BFEC0 /* DrillListItemView.swift */; };
		B542EA852546419E004BFEC0 /* BundleExtension.swift in Sources */ = {isa = PBXBuildFile; fileRef = B542EA842546419E004BFEC0 /* BundleExtension.swift */; };
		B542EA882546424D004BFEC0 /* DrillsDetailListView.swift in Sources */ = {isa = PBXBuildFile; fileRef = B542EA872546424D004BFEC0 /* DrillsDetailListView.swift */; };
		B542EA8D25465627004BFEC0 /* HeadingView.swift in Sources */ = {isa = PBXBuildFile; fileRef = B542EA8C25465627004BFEC0 /* HeadingView.swift */; };
/* End PBXBuildFile section */

/* Begin PBXFileReference section */
		B542EA6225463F90004BFEC0 /* GolfAITH.app */ = {isa = PBXFileReference; explicitFileType = wrapper.application; includeInIndex = 0; path = GolfAITH.app; sourceTree = BUILT_PRODUCTS_DIR; };
		B542EA6525463F90004BFEC0 /* GolfAITHApp.swift */ = {isa = PBXFileReference; lastKnownFileType = sourcecode.swift; path = GolfAITHApp.swift; sourceTree = "<group>"; };
		B542EA6725463F90004BFEC0 /* ContentView.swift */ = {isa = PBXFileReference; lastKnownFileType = sourcecode.swift; path = ContentView.swift; sourceTree = "<group>"; };
		B542EA6925463F91004BFEC0 /* Assets.xcassets */ = {isa = PBXFileReference; lastKnownFileType = folder.assetcatalog; path = Assets.xcassets; sourceTree = "<group>"; };
		B542EA6C25463F91004BFEC0 /* Preview Assets.xcassets */ = {isa = PBXFileReference; lastKnownFileType = folder.assetcatalog; path = "Preview Assets.xcassets"; sourceTree = "<group>"; };
		B542EA6E25463F91004BFEC0 /* Info.plist */ = {isa = PBXFileReference; lastKnownFileType = text.plist.xml; path = Info.plist; sourceTree = "<group>"; };
		B542EA7525463FE3004BFEC0 /* DrillData.swift */ = {isa = PBXFileReference; lastKnownFileType = sourcecode.swift; path = DrillData.swift; sourceTree = "<group>"; };
		B542EA7925464007004BFEC0 /* data.json */ = {isa = PBXFileReference; fileEncoding = 4; lastKnownFileType = text.json; path = data.json; sourceTree = "<group>"; };
		B542EA7D2546405C004BFEC0 /* DrillListItemView.swift */ = {isa = PBXFileReference; lastKnownFileType = sourcecode.swift; path = DrillListItemView.swift; sourceTree = "<group>"; };
		B542EA842546419E004BFEC0 /* BundleExtension.swift */ = {isa = PBXFileReference; lastKnownFileType = sourcecode.swift; path = BundleExtension.swift; sourceTree = "<group>"; };
		B542EA872546424D004BFEC0 /* DrillsDetailListView.swift */ = {isa = PBXFileReference; lastKnownFileType = sourcecode.swift; path = DrillsDetailListView.swift; sourceTree = "<group>"; };
		B542EA8C25465627004BFEC0 /* HeadingView.swift */ = {isa = PBXFileReference; lastKnownFileType = sourcecode.swift; path = HeadingView.swift; sourceTree = "<group>"; };
/* End PBXFileReference section */

/* Begin PBXFrameworksBuildPhase section */
		B542EA5F25463F90004BFEC0 /* Frameworks */ = {
			isa = PBXFrameworksBuildPhase;
			buildActionMask = 2147483647;
			files = (
			);
			runOnlyForDeploymentPostprocessing = 0;
		};
/* End PBXFrameworksBuildPhase section */

/* Begin PBXGroup section */
		B542EA5925463F90004BFEC0 = {
			isa = PBXGroup;
			children = (
				B542EA6425463F90004BFEC0 /* GolfAITH */,
				B542EA6325463F90004BFEC0 /* Products */,
			);
			sourceTree = "<group>";
		};
		B542EA6325463F90004BFEC0 /* Products */ = {
			isa = PBXGroup;
			children = (
				B542EA6225463F90004BFEC0 /* GolfAITH.app */,
			);
			name = Products;
			sourceTree = "<group>";
		};
		B542EA6425463F90004BFEC0 /* GolfAITH */ = {
			isa = PBXGroup;
			children = (
				B542EA7925464007004BFEC0 /* data.json */,
				B542EA7825463FED004BFEC0 /* Models */,
				B542EA7C25464034004BFEC0 /* Views */,
				B542EA6525463F90004BFEC0 /* GolfAITHApp.swift */,
				B542EA6725463F90004BFEC0 /* ContentView.swift */,
				B542EA6925463F91004BFEC0 /* Assets.xcassets */,
				B542EA6E25463F91004BFEC0 /* Info.plist */,
				B542EA6B25463F91004BFEC0 /* Preview Content */,
			);
			path = GolfAITH;
			sourceTree = "<group>";
		};
		B542EA6B25463F91004BFEC0 /* Preview Content */ = {
			isa = PBXGroup;
			children = (
				B542EA6C25463F91004BFEC0 /* Preview Assets.xcassets */,
			);
			path = "Preview Content";
			sourceTree = "<group>";
		};
		B542EA7825463FED004BFEC0 /* Models */ = {
			isa = PBXGroup;
			children = (
				B542EA7525463FE3004BFEC0 /* DrillData.swift */,
				B542EA842546419E004BFEC0 /* BundleExtension.swift */,
			);
			path = Models;
			sourceTree = "<group>";
		};
		B542EA7C25464034004BFEC0 /* Views */ = {
			isa = PBXGroup;
			children = (
				B542EA7D2546405C004BFEC0 /* DrillListItemView.swift */,
				B542EA872546424D004BFEC0 /* DrillsDetailListView.swift */,
				B542EA8C25465627004BFEC0 /* HeadingView.swift */,
			);
			path = Views;
			sourceTree = "<group>";
		};
/* End PBXGroup section */

/* Begin PBXNativeTarget section */
		B542EA6125463F90004BFEC0 /* GolfAITH */ = {
			isa = PBXNativeTarget;
			buildConfigurationList = B542EA7125463F91004BFEC0 /* Build configuration list for PBXNativeTarget "GolfAITH" */;
			buildPhases = (
				B542EA5E25463F90004BFEC0 /* Sources */,
				B542EA5F25463F90004BFEC0 /* Frameworks */,
				B542EA6025463F90004BFEC0 /* Resources */,
			);
			buildRules = (
			);
			dependencies = (
			);
			name = GolfAITH;
			productName = GolfAITH;
			productReference = B542EA6225463F90004BFEC0 /* GolfAITH.app */;
			productType = "com.apple.product-type.application";
		};
/* End PBXNativeTarget section */

/* Begin PBXProject section */
		B542EA5A25463F90004BFEC0 /* Project object */ = {
			isa = PBXProject;
			attributes = {
				LastSwiftUpdateCheck = 1210;
				LastUpgradeCheck = 1210;
				TargetAttributes = {
					B542EA6125463F90004BFEC0 = {
						CreatedOnToolsVersion = 12.1;
					};
				};
			};
			buildConfigurationList = B542EA5D25463F90004BFEC0 /* Build configuration list for PBXProject "GolfAITH" */;
			compatibilityVersion = "Xcode 9.3";
			developmentRegion = en;
			hasScannedForEncodings = 0;
			knownRegions = (
				en,
				Base,
			);
			mainGroup = B542EA5925463F90004BFEC0;
			productRefGroup = B542EA6325463F90004BFEC0 /* Products */;
			projectDirPath = "";
			projectRoot = "";
			targets = (
				B542EA6125463F90004BFEC0 /* GolfAITH */,
			);
		};
/* End PBXProject section */

/* Begin PBXResourcesBuildPhase section */
		B542EA6025463F90004BFEC0 /* Resources */ = {
			isa = PBXResourcesBuildPhase;
			buildActionMask = 2147483647;
			files = (
				B542EA6D25463F91004BFEC0 /* Preview Assets.xcassets in Resources */,
				B542EA7A25464007004BFEC0 /* data.json in Resources */,
				B542EA6A25463F91004BFEC0 /* Assets.xcassets in Resources */,
			);
			runOnlyForDeploymentPostprocessing = 0;
		};
/* End PBXResourcesBuildPhase section */

/* Begin PBXSourcesBuildPhase section */
		B542EA5E25463F90004BFEC0 /* Sources */ = {
			isa = PBXSourcesBuildPhase;
			buildActionMask = 2147483647;
			files = (
				B542EA7625463FE3004BFEC0 /* DrillData.swift in Sources */,
				B542EA6825463F90004BFEC0 /* ContentView.swift in Sources */,
				B542EA882546424D004BFEC0 /* DrillsDetailListView.swift in Sources */,
				B542EA6625463F90004BFEC0 /* GolfAITHApp.swift in Sources */,
				B542EA7E2546405C004BFEC0 /* DrillListItemView.swift in Sources */,
				B542EA852546419E004BFEC0 /* BundleExtension.swift in Sources */,
				B542EA8D25465627004BFEC0 /* HeadingView.swift in Sources */,
			);
			runOnlyForDeploymentPostprocessing = 0;
		};
/* End PBXSourcesBuildPhase section */

/* Begin XCBuildConfiguration section */
		B542EA6F25463F91004BFEC0 /* Debug */ = {
			isa = XCBuildConfiguration;
			buildSettings = {
				ALWAYS_SEARCH_USER_PATHS = NO;
				CLANG_ANALYZER_NONNULL = YES;
				CLANG_ANALYZER_NUMBER_OBJECT_CONVERSION = YES_AGGRESSIVE;
				CLANG_CXX_LANGUAGE_STANDARD = "gnu++14";
				CLANG_CXX_LIBRARY = "libc++";
				CLANG_ENABLE_MODULES = YES;
				CLANG_ENABLE_OBJC_ARC = YES;
				CLANG_ENABLE_OBJC_WEAK = YES;
				CLANG_WARN_BLOCK_CAPTURE_AUTORELEASING = YES;
				CLANG_WARN_BOOL_CONVERSION = YES;
				CLANG_WARN_COMMA = YES;
				CLANG_WARN_CONSTANT_CONVERSION = YES;
				CLANG_WARN_DEPRECATED_OBJC_IMPLEMENTATIONS = YES;
				CLANG_WARN_DIRECT_OBJC_ISA_USAGE = YES_ERROR;
				CLANG_WARN_DOCUMENTATION_COMMENTS = YES;
				CLANG_WARN_EMPTY_BODY = YES;
				CLANG_WARN_ENUM_CONVERSION = YES;
				CLANG_WARN_INFINITE_RECURSION = YES;
				CLANG_WARN_INT_CONVERSION = YES;
				CLANG_WARN_NON_LITERAL_NULL_CONVERSION = YES;
				CLANG_WARN_OBJC_IMPLICIT_RETAIN_SELF = YES;
				CLANG_WARN_OBJC_LITERAL_CONVERSION = YES;
				CLANG_WARN_OBJC_ROOT_CLASS = YES_ERROR;
				CLANG_WARN_QUOTED_INCLUDE_IN_FRAMEWORK_HEADER = YES;
				CLANG_WARN_RANGE_LOOP_ANALYSIS = YES;
				CLANG_WARN_STRICT_PROTOTYPES = YES;
				CLANG_WARN_SUSPICIOUS_MOVE = YES;
				CLANG_WARN_UNGUARDED_AVAILABILITY = YES_AGGRESSIVE;
				CLANG_WARN_UNREACHABLE_CODE = YES;
				CLANG_WARN__DUPLICATE_METHOD_MATCH = YES;
				COPY_PHASE_STRIP = NO;
				DEBUG_INFORMATION_FORMAT = dwarf;
				ENABLE_STRICT_OBJC_MSGSEND = YES;
				ENABLE_TESTABILITY = YES;
				GCC_C_LANGUAGE_STANDARD = gnu11;
				GCC_DYNAMIC_NO_PIC = NO;
				GCC_NO_COMMON_BLOCKS = YES;
				GCC_OPTIMIZATION_LEVEL = 0;
				GCC_PREPROCESSOR_DEFINITIONS = (
					"DEBUG=1",
					"$(inherited)",
				);
				GCC_WARN_64_TO_32_BIT_CONVERSION = YES;
				GCC_WARN_ABOUT_RETURN_TYPE = YES_ERROR;
				GCC_WARN_UNDECLARED_SELECTOR = YES;
				GCC_WARN_UNINITIALIZED_AUTOS = YES_AGGRESSIVE;
				GCC_WARN_UNUSED_FUNCTION = YES;
				GCC_WARN_UNUSED_VARIABLE = YES;
				IPHONEOS_DEPLOYMENT_TARGET = 14.1;
				MTL_ENABLE_DEBUG_INFO = INCLUDE_SOURCE;
				MTL_FAST_MATH = YES;
				ONLY_ACTIVE_ARCH = YES;
				SDKROOT = iphoneos;
				SWIFT_ACTIVE_COMPILATION_CONDITIONS = DEBUG;
				SWIFT_OPTIMIZATION_LEVEL = "-Onone";
			};
			name = Debug;
		};
		B542EA7025463F91004BFEC0 /* Release */ = {
			isa = XCBuildConfiguration;
			buildSettings = {
				ALWAYS_SEARCH_USER_PATHS = NO;
				CLANG_ANALYZER_NONNULL = YES;
				CLANG_ANALYZER_NUMBER_OBJECT_CONVERSION = YES_AGGRESSIVE;
				CLANG_CXX_LANGUAGE_STANDARD = "gnu++14";
				CLANG_CXX_LIBRARY = "libc++";
				CLANG_ENABLE_MODULES = YES;
				CLANG_ENABLE_OBJC_ARC = YES;
				CLANG_ENABLE_OBJC_WEAK = YES;
				CLANG_WARN_BLOCK_CAPTURE_AUTORELEASING = YES;
				CLANG_WARN_BOOL_CONVERSION = YES;
				CLANG_WARN_COMMA = YES;
				CLANG_WARN_CONSTANT_CONVERSION = YES;
				CLANG_WARN_DEPRECATED_OBJC_IMPLEMENTATIONS = YES;
				CLANG_WARN_DIRECT_OBJC_ISA_USAGE = YES_ERROR;
				CLANG_WARN_DOCUMENTATION_COMMENTS = YES;
				CLANG_WARN_EMPTY_BODY = YES;
				CLANG_WARN_ENUM_CONVERSION = YES;
				CLANG_WARN_INFINITE_RECURSION = YES;
				CLANG_WARN_INT_CONVERSION = YES;
				CLANG_WARN_NON_LITERAL_NULL_CONVERSION = YES;
				CLANG_WARN_OBJC_IMPLICIT_RETAIN_SELF = YES;
				CLANG_WARN_OBJC_LITERAL_CONVERSION = YES;
				CLANG_WARN_OBJC_ROOT_CLASS = YES_ERROR;
				CLANG_WARN_QUOTED_INCLUDE_IN_FRAMEWORK_HEADER = YES;
				CLANG_WARN_RANGE_LOOP_ANALYSIS = YES;
				CLANG_WARN_STRICT_PROTOTYPES = YES;
				CLANG_WARN_SUSPICIOUS_MOVE = YES;
				CLANG_WARN_UNGUARDED_AVAILABILITY = YES_AGGRESSIVE;
				CLANG_WARN_UNREACHABLE_CODE = YES;
				CLANG_WARN__DUPLICATE_METHOD_MATCH = YES;
				COPY_PHASE_STRIP = NO;
				DEBUG_INFORMATION_FORMAT = "dwarf-with-dsym";
				ENABLE_NS_ASSERTIONS = NO;
				ENABLE_STRICT_OBJC_MSGSEND = YES;
				GCC_C_LANGUAGE_STANDARD = gnu11;
				GCC_NO_COMMON_BLOCKS = YES;
				GCC_WARN_64_TO_32_BIT_CONVERSION = YES;
				GCC_WARN_ABOUT_RETURN_TYPE = YES_ERROR;
				GCC_WARN_UNDECLARED_SELECTOR = YES;
				GCC_WARN_UNINITIALIZED_AUTOS = YES_AGGRESSIVE;
				GCC_WARN_UNUSED_FUNCTION = YES;
				GCC_WARN_UNUSED_VARIABLE = YES;
				IPHONEOS_DEPLOYMENT_TARGET = 14.1;
				MTL_ENABLE_DEBUG_INFO = NO;
				MTL_FAST_MATH = YES;
				SDKROOT = iphoneos;
				SWIFT_COMPILATION_MODE = wholemodule;
				SWIFT_OPTIMIZATION_LEVEL = "-O";
				VALIDATE_PRODUCT = YES;
			};
			name = Release;
		};
		B542EA7225463F91004BFEC0 /* Debug */ = {
			isa = XCBuildConfiguration;
			buildSettings = {
				ASSETCATALOG_COMPILER_APPICON_NAME = AppIcon;
				ASSETCATALOG_COMPILER_GLOBAL_ACCENT_COLOR_NAME = AccentColor;
				CODE_SIGN_STYLE = Automatic;
				DEVELOPMENT_ASSET_PATHS = "\"GolfAITH/Preview Content\"";
				DEVELOPMENT_TEAM = CD6B448N2L;
				ENABLE_PREVIEWS = YES;
				INFOPLIST_FILE = GolfAITH/Info.plist;
				IPHONEOS_DEPLOYMENT_TARGET = 14.0;
				LD_RUNPATH_SEARCH_PATHS = (
					"$(inherited)",
					"@executable_path/Frameworks",
				);
				PRODUCT_BUNDLE_IDENTIFIER = ElizabethWingate;
				PRODUCT_NAME = "$(TARGET_NAME)";
				SWIFT_VERSION = 5.0;
				TARGETED_DEVICE_FAMILY = "1,2";
			};
			name = Debug;
		};
		B542EA7325463F91004BFEC0 /* Release */ = {
			isa = XCBuildConfiguration;
			buildSettings = {
				ASSETCATALOG_COMPILER_APPICON_NAME = AppIcon;
				ASSETCATALOG_COMPILER_GLOBAL_ACCENT_COLOR_NAME = AccentColor;
				CODE_SIGN_STYLE = Automatic;
				DEVELOPMENT_ASSET_PATHS = "\"GolfAITH/Preview Content\"";
				DEVELOPMENT_TEAM = CD6B448N2L;
				ENABLE_PREVIEWS = YES;
				INFOPLIST_FILE = GolfAITH/Info.plist;
				IPHONEOS_DEPLOYMENT_TARGET = 14.0;
				LD_RUNPATH_SEARCH_PATHS = (
					"$(inherited)",
					"@executable_path/Frameworks",
				);
				PRODUCT_BUNDLE_IDENTIFIER = ElizabethWingate;
				PRODUCT_NAME = "$(TARGET_NAME)";
				SWIFT_VERSION = 5.0;
				TARGETED_DEVICE_FAMILY = "1,2";
			};
			name = Release;
		};
/* End XCBuildConfiguration section */

/* Begin XCConfigurationList section */
		B542EA5D25463F90004BFEC0 /* Build configuration list for PBXProject "GolfAITH" */ = {
			isa = XCConfigurationList;
			buildConfigurations = (
				B542EA6F25463F91004BFEC0 /* Debug */,
				B542EA7025463F91004BFEC0 /* Release */,
			);
			defaultConfigurationIsVisible = 0;
			defaultConfigurationName = Release;
		};
		B542EA7125463F91004BFEC0 /* Build configuration list for PBXNativeTarget "GolfAITH" */ = {
			isa = XCConfigurationList;
			buildConfigurations = (
				B542EA7225463F91004BFEC0 /* Debug */,
				B542EA7325463F91004BFEC0 /* Release */,
			);
			defaultConfigurationIsVisible = 0;
			defaultConfigurationName = Release;
		};
/* End XCConfigurationList section */
	};
	rootObject = B542EA5A25463F90004BFEC0 /* Project object */;
}
